
Microsoft Visual Studio Solution File, Format Version 12.00
# Visual Studio Version 17
Project("{8BC9CEB8-8B4A-11D0-8D11-00A0C91BC942}") = "VulkanApp", "App\VulkanApp.vcxproj", "{77264388-E390-F7FE-2CCF-A8A49878D553}"
EndProject
Project("{2150E333-8FDC-42A3-9474-1A3956D46DE8}") = "Core", "Core", "{15A0C35D-0158-05AB-6A5F-DE065636A09B}"
EndProject
Project("{8BC9CEB8-8B4A-11D0-8D11-00A0C91BC942}") = "VulkanCore", "Core\VulkanCore.vcxproj", "{7F0AA990-6BC2-EADD-D4C9-C339C0A085CE}"
EndProject
Global
	GlobalSection(SolutionConfigurationPlatforms) = preSolution
		Debug|x64 = Debug|x64
		Dist|x64 = Dist|x64
		Release|x64 = Release|x64
	EndGlobalSection
	GlobalSection(ProjectConfigurationPlatforms) = postSolution
		{77264388-E390-F7FE-2CCF-A8A49878D553}.Debug|x64.ActiveCfg = Debug|x64
		{77264388-E390-F7FE-2CCF-A8A49878D553}.Debug|x64.Build.0 = Debug|x64
		{77264388-E390-F7FE-2CCF-A8A49878D553}.Dist|x64.ActiveCfg = Dist|x64
		{77264388-E390-F7FE-2CCF-A8A49878D553}.Dist|x64.Build.0 = Dist|x64
		{77264388-E390-F7FE-2CCF-A8A49878D553}.Release|x64.ActiveCfg = Release|x64
		{77264388-E390-F7FE-2CCF-A8A49878D553}.Release|x64.Build.0 = Release|x64
		{7F0AA990-6BC2-EADD-D4C9-C339C0A085CE}.Debug|x64.ActiveCfg = Debug|x64
		{7F0AA990-6BC2-EADD-D4C9-C339C0A085CE}.Debug|x64.Build.0 = Debug|x64
		{7F0AA990-6BC2-EADD-D4C9-C339C0A085CE}.Dist|x64.ActiveCfg = Dist|x64
		{7F0AA990-6BC2-EADD-D4C9-C339C0A085CE}.Dist|x64.Build.0 = Dist|x64
		{7F0AA990-6BC2-EADD-D4C9-C339C0A085CE}.Release|x64.ActiveCfg = Release|x64
		{7F0AA990-6BC2-EADD-D4C9-C339C0A085CE}.Release|x64.Build.0 = Release|x64
	EndGlobalSection
	GlobalSection(SolutionProperties) = preSolution
		HideSolutionNode = FALSE
	EndGlobalSection
	GlobalSection(NestedProjects) = preSolution
		{7F0AA990-6BC2-EADD-D4C9-C339C0A085CE} = {15A0C35D-0158-05AB-6A5F-DE065636A09B}
	EndGlobalSection
EndGlobal
